schema: '2.0'
stages:
  data_process:
    cmd: python source/data_process.py data/telecom_churn.csv
    deps:
    - path: data/telecom_churn.csv
      hash: md5
      md5: 19765e62de31b7be19bb992cb20a793b
      size: 128783
    - path: source/data_process.py
      hash: md5
      md5: cf061ccf32b6793db8b68e1acafcaa6f
      size: 1143
    params:
      params.yaml:
        data_process.split_ratio: 0.2
    outs:
    - path: processed_data
      hash: md5
      md5: 75e86dbf0ce9f985a0da7d69d1b51a42.dir
      size: 151510
      nfiles: 2
